
Microsoft Visual Studio Solution File, Format Version 12.00
# Visual Studio Version 17
VisualStudioVersion = 17.14.36804.6 d17.14
MinimumVisualStudioVersion = 10.0.40219.1
Project("{FAE04EC0-301F-11D3-BF4B-00C04F79EFBC}") = "BillCraft (Multi-Tenant SaaS System)", "BillCraft (Multi-Tenant SaaS System).csproj", "{F5FCB0B6-CCCC-4F0B-BC0A-BAA55A311B9D}"
EndProject
Global
	GlobalSection(SolutionConfigurationPlatforms) = preSolution
		Debug|Any CPU = Debug|Any CPU
		Release|Any CPU = Release|Any CPU
	EndGlobalSection
	GlobalSection(ProjectConfigurationPlatforms) = postSolution
		{F5FCB0B6-CCCC-4F0B-BC0A-BAA55A311B9D}.Debug|Any CPU.ActiveCfg = Debug|Any CPU
		{F5FCB0B6-CCCC-4F0B-BC0A-BAA55A311B9D}.Debug|Any CPU.Build.0 = Debug|Any CPU
		{F5FCB0B6-CCCC-4F0B-BC0A-BAA55A311B9D}.Release|Any CPU.ActiveCfg = Release|Any CPU
		{F5FCB0B6-CCCC-4F0B-BC0A-BAA55A311B9D}.Release|Any CPU.Build.0 = Release|Any CPU
	EndGlobalSection
	GlobalSection(SolutionProperties) = preSolution
		HideSolutionNode = FALSE
	EndGlobalSection
	GlobalSection(ExtensibilityGlobals) = postSolution
		SolutionGuid = {BE5A97ED-91AD-4B8F-9DF2-E356343C1CF5}
	EndGlobalSection
EndGlobal
